
Microsoft Visual Studio Solution File, Format Version 12.00
# Visual Studio Version 18
VisualStudioVersion = 18.0.11222.15 d18.0
MinimumVisualStudioVersion = 10.0.40219.1
Project("{FAE04EC0-301F-11D3-BF4B-00C04F79EFBC}") = "UdpServer", "UdpServer\UdpServer.csproj", "{58EA4369-6B64-4708-9D0B-876695AD30B6}"
EndProject
Project("{FAE04EC0-301F-11D3-BF4B-00C04F79EFBC}") = "ExtractStructFromXml", "ExtractStructFromXml\ExtractStructFromXml.csproj", "{B9686D34-EA4B-4BFB-9036-0ECF450A0922}"
EndProject
Project("{FAE04EC0-301F-11D3-BF4B-00C04F79EFBC}") = "ObservableContainer", "ObservableContainer\ObservableContainer.csproj", "{AA51645E-16EF-4D2C-853E-8C0E6AF4A696}"
EndProject
Project("{FAE04EC0-301F-11D3-BF4B-00C04F79EFBC}") = "testpropertyGrid", "testpropertyGrid\testpropertyGrid.csproj", "{1ED27686-C93E-4958-98DB-F084DD9046EA}"
EndProject
Project("{FAE04EC0-301F-11D3-BF4B-00C04F79EFBC}") = "testDataGridView", "testDataGridView\testDataGridView.csproj", "{90D1A0A8-6BD0-48C8-88BD-8DDCDDE0A84C}"
EndProject
Project("{FAE04EC0-301F-11D3-BF4B-00C04F79EFBC}") = "propertywindowsshowobject", "propertywindowsshowobject\propertywindowsshowobject.csproj", "{A1018EB4-BA65-47E1-A0E0-73398F15C2B9}"
EndProject
Project("{2150E333-8FDC-42A3-9474-1A3956D46DE8}") = "UI相关", "UI相关", "{02EA681E-C7D8-13C7-8484-4AC65E1B71E8}"
EndProject
Project("{FAE04EC0-301F-11D3-BF4B-00C04F79EFBC}") = "StructViewer", "StructViewer\StructViewer.csproj", "{59836EF4-07B5-44DE-9A75-EC1E0752FC6E}"
EndProject
Project("{FAE04EC0-301F-11D3-BF4B-00C04F79EFBC}") = "RegexTest", "RegexTest\RegexTest.csproj", "{E1F5B52E-F5CB-426B-BF6B-4920664EE82B}"
EndProject
Project("{FAE04EC0-301F-11D3-BF4B-00C04F79EFBC}") = "SimpleLog", "SimpleLog\SimpleLog.csproj", "{BBBC28DF-DB8F-4A68-BBAB-E25264E3A2A7}"
EndProject
Project("{2150E333-8FDC-42A3-9474-1A3956D46DE8}") = "画图相关", "画图相关", "{2E699EE5-1FAA-4491-9BDB-CA9274EB7425}"
EndProject
Project("{FAE04EC0-301F-11D3-BF4B-00C04F79EFBC}") = "scotplot", "scotplot\scotplot.csproj", "{0CA208FF-7327-4E92-9929-461F3F0450F0}"
EndProject
Project("{FAE04EC0-301F-11D3-BF4B-00C04F79EFBC}") = "HeaderParser", "HeaderParser\HeaderParser.csproj", "{5CACC91E-20E8-47D1-B757-C75435B24F82}"
EndProject
Project("{FAE04EC0-301F-11D3-BF4B-00C04F79EFBC}") = "findwhochange", "findwhochange\findwhochange.csproj", "{63A6DCBA-9921-448B-AA15-4D3F68EE37D8}"
EndProject
Project("{FAE04EC0-301F-11D3-BF4B-00C04F79EFBC}") = "patchGenTool", "patchGenTool\patchGenTool.csproj", "{D9A60B5F-6856-426C-B008-1BAF9C9FD234}"
EndProject
Project("{FAE04EC0-301F-11D3-BF4B-00C04F79EFBC}") = "simplecmdlineparser", "simplecmdlineparser\simplecmdlineparser.csproj", "{0A4003F7-59C0-49D1-ABAF-C252EC499325}"
EndProject
Project("{FAE04EC0-301F-11D3-BF4B-00C04F79EFBC}") = "applyPatch", "applyPatch\applyPatch.csproj", "{E547E2C9-6375-47D1-A595-F1A8A553D41F}"
EndProject
Project("{FAE04EC0-301F-11D3-BF4B-00C04F79EFBC}") = "SimpleHttpServer", "SimpleHttpServer\SimpleHttpServer.csproj", "{B822BD08-0119-4C44-A8CD-E8ADECE204C2}"
EndProject
Project("{FAE04EC0-301F-11D3-BF4B-00C04F79EFBC}") = "xml2json", "xml2json\xml2json.csproj", "{7D734951-3B74-4F46-8555-8AACA1F11E92}"
EndProject
Project("{2150E333-8FDC-42A3-9474-1A3956D46DE8}") = "信息获取", "信息获取", "{850C1795-484F-40CE-8EA7-A10D133EF911}"
EndProject
Project("{FAE04EC0-301F-11D3-BF4B-00C04F79EFBC}") = "GetPAssword", "GetPAssword\GetPAssword.csproj", "{6514BF6A-E07F-4B0D-A219-299209EF0607}"
EndProject
Project("{FAE04EC0-301F-11D3-BF4B-00C04F79EFBC}") = "DumpFile", "DumpFile\DumpFile.csproj", "{BC906ED7-C67B-4CFA-8738-A508C0E96FDC}"
EndProject
Project("{FAE04EC0-301F-11D3-BF4B-00C04F79EFBC}") = "SMBCopy", "SMBCopy\SMBCopy.csproj", "{88DE5834-D8EB-4A06-B41F-74AC2C7C6C8E}"
EndProject
Project("{FAE04EC0-301F-11D3-BF4B-00C04F79EFBC}") = "drawGrapha", "drawGrapha\drawGrapha.csproj", "{1BB93026-AFB6-4E2E-A7A5-BECC79992DF0}"
EndProject
Project("{FAE04EC0-301F-11D3-BF4B-00C04F79EFBC}") = "xmlGraphHelper", "xmlGraphHelper\xmlGraphHelper.csproj", "{7316EE60-01D8-4CE4-B6AC-313D50A93837}"
EndProject
Project("{FAE04EC0-301F-11D3-BF4B-00C04F79EFBC}") = "stringprocess", "stringprocess\stringprocess.csproj", "{6547E84E-DE64-4E29-AE08-EFAF87AD1247}"
EndProject
Project("{2150E333-8FDC-42A3-9474-1A3956D46DE8}") = "xml解析相关", "xml解析相关", "{1DBF47EA-E7C6-4B7B-A110-358467B40504}"
EndProject
Project("{FAE04EC0-301F-11D3-BF4B-00C04F79EFBC}") = "ladderParser", "ladderParser\ladderParser.csproj", "{70EAA398-0A1B-4D9D-9B60-3267A5EB32DD}"
EndProject
Project("{2150E333-8FDC-42A3-9474-1A3956D46DE8}") = "简单系列", "简单系列", "{E42B8044-993C-44AC-8101-B705E8B0EEAF}"
EndProject
Project("{2150E333-8FDC-42A3-9474-1A3956D46DE8}") = "补丁", "补丁", "{C704DDA8-83CF-4220-9183-766D7E08F853}"
EndProject
Global
	GlobalSection(SolutionConfigurationPlatforms) = preSolution
		Debug|Any CPU = Debug|Any CPU
		Release|Any CPU = Release|Any CPU
	EndGlobalSection
	GlobalSection(ProjectConfigurationPlatforms) = postSolution
		{58EA4369-6B64-4708-9D0B-876695AD30B6}.Debug|Any CPU.ActiveCfg = Debug|Any CPU
		{58EA4369-6B64-4708-9D0B-876695AD30B6}.Debug|Any CPU.Build.0 = Debug|Any CPU
		{58EA4369-6B64-4708-9D0B-876695AD30B6}.Release|Any CPU.ActiveCfg = Release|Any CPU
		{58EA4369-6B64-4708-9D0B-876695AD30B6}.Release|Any CPU.Build.0 = Release|Any CPU
		{B9686D34-EA4B-4BFB-9036-0ECF450A0922}.Debug|Any CPU.ActiveCfg = Debug|Any CPU
		{B9686D34-EA4B-4BFB-9036-0ECF450A0922}.Debug|Any CPU.Build.0 = Debug|Any CPU
		{B9686D34-EA4B-4BFB-9036-0ECF450A0922}.Release|Any CPU.ActiveCfg = Release|Any CPU
		{B9686D34-EA4B-4BFB-9036-0ECF450A0922}.Release|Any CPU.Build.0 = Release|Any CPU
		{AA51645E-16EF-4D2C-853E-8C0E6AF4A696}.Debug|Any CPU.ActiveCfg = Debug|Any CPU
		{AA51645E-16EF-4D2C-853E-8C0E6AF4A696}.Debug|Any CPU.Build.0 = Debug|Any CPU
		{AA51645E-16EF-4D2C-853E-8C0E6AF4A696}.Release|Any CPU.ActiveCfg = Release|Any CPU
		{AA51645E-16EF-4D2C-853E-8C0E6AF4A696}.Release|Any CPU.Build.0 = Release|Any CPU
		{1ED27686-C93E-4958-98DB-F084DD9046EA}.Debug|Any CPU.ActiveCfg = Debug|Any CPU
		{1ED27686-C93E-4958-98DB-F084DD9046EA}.Debug|Any CPU.Build.0 = Debug|Any CPU
		{1ED27686-C93E-4958-98DB-F084DD9046EA}.Release|Any CPU.ActiveCfg = Release|Any CPU
		{1ED27686-C93E-4958-98DB-F084DD9046EA}.Release|Any CPU.Build.0 = Release|Any CPU
		{90D1A0A8-6BD0-48C8-88BD-8DDCDDE0A84C}.Debug|Any CPU.ActiveCfg = Debug|Any CPU
		{90D1A0A8-6BD0-48C8-88BD-8DDCDDE0A84C}.Debug|Any CPU.Build.0 = Debug|Any CPU
		{90D1A0A8-6BD0-48C8-88BD-8DDCDDE0A84C}.Release|Any CPU.ActiveCfg = Release|Any CPU
		{90D1A0A8-6BD0-48C8-88BD-8DDCDDE0A84C}.Release|Any CPU.Build.0 = Release|Any CPU
		{A1018EB4-BA65-47E1-A0E0-73398F15C2B9}.Debug|Any CPU.ActiveCfg = Debug|Any CPU
		{A1018EB4-BA65-47E1-A0E0-73398F15C2B9}.Debug|Any CPU.Build.0 = Debug|Any CPU
		{A1018EB4-BA65-47E1-A0E0-73398F15C2B9}.Release|Any CPU.ActiveCfg = Release|Any CPU
		{A1018EB4-BA65-47E1-A0E0-73398F15C2B9}.Release|Any CPU.Build.0 = Release|Any CPU
		{59836EF4-07B5-44DE-9A75-EC1E0752FC6E}.Debug|Any CPU.ActiveCfg = Debug|Any CPU
		{59836EF4-07B5-44DE-9A75-EC1E0752FC6E}.Debug|Any CPU.Build.0 = Debug|Any CPU
		{59836EF4-07B5-44DE-9A75-EC1E0752FC6E}.Release|Any CPU.ActiveCfg = Release|Any CPU
		{59836EF4-07B5-44DE-9A75-EC1E0752FC6E}.Release|Any CPU.Build.0 = Release|Any CPU
		{E1F5B52E-F5CB-426B-BF6B-4920664EE82B}.Debug|Any CPU.ActiveCfg = Debug|Any CPU
		{E1F5B52E-F5CB-426B-BF6B-4920664EE82B}.Debug|Any CPU.Build.0 = Debug|Any CPU
		{E1F5B52E-F5CB-426B-BF6B-4920664EE82B}.Release|Any CPU.ActiveCfg = Release|Any CPU
		{E1F5B52E-F5CB-426B-BF6B-4920664EE82B}.Release|Any CPU.Build.0 = Release|Any CPU
		{BBBC28DF-DB8F-4A68-BBAB-E25264E3A2A7}.Debug|Any CPU.ActiveCfg = Debug|Any CPU
		{BBBC28DF-DB8F-4A68-BBAB-E25264E3A2A7}.Debug|Any CPU.Build.0 = Debug|Any CPU
		{BBBC28DF-DB8F-4A68-BBAB-E25264E3A2A7}.Release|Any CPU.ActiveCfg = Release|Any CPU
		{BBBC28DF-DB8F-4A68-BBAB-E25264E3A2A7}.Release|Any CPU.Build.0 = Release|Any CPU
		{0CA208FF-7327-4E92-9929-461F3F0450F0}.Debug|Any CPU.ActiveCfg = Debug|Any CPU
		{0CA208FF-7327-4E92-9929-461F3F0450F0}.Debug|Any CPU.Build.0 = Debug|Any CPU
		{0CA208FF-7327-4E92-9929-461F3F0450F0}.Release|Any CPU.ActiveCfg = Release|Any CPU
		{0CA208FF-7327-4E92-9929-461F3F0450F0}.Release|Any CPU.Build.0 = Release|Any CPU
		{5CACC91E-20E8-47D1-B757-C75435B24F82}.Debug|Any CPU.ActiveCfg = Debug|Any CPU
		{5CACC91E-20E8-47D1-B757-C75435B24F82}.Debug|Any CPU.Build.0 = Debug|Any CPU
		{5CACC91E-20E8-47D1-B757-C75435B24F82}.Release|Any CPU.ActiveCfg = Release|Any CPU
		{5CACC91E-20E8-47D1-B757-C75435B24F82}.Release|Any CPU.Build.0 = Release|Any CPU
		{63A6DCBA-9921-448B-AA15-4D3F68EE37D8}.Debug|Any CPU.ActiveCfg = Debug|Any CPU
		{63A6DCBA-9921-448B-AA15-4D3F68EE37D8}.Debug|Any CPU.Build.0 = Debug|Any CPU
		{63A6DCBA-9921-448B-AA15-4D3F68EE37D8}.Release|Any CPU.ActiveCfg = Release|Any CPU
		{63A6DCBA-9921-448B-AA15-4D3F68EE37D8}.Release|Any CPU.Build.0 = Release|Any CPU
		{D9A60B5F-6856-426C-B008-1BAF9C9FD234}.Debug|Any CPU.ActiveCfg = Debug|Any CPU
		{D9A60B5F-6856-426C-B008-1BAF9C9FD234}.Debug|Any CPU.Build.0 = Debug|Any CPU
		{D9A60B5F-6856-426C-B008-1BAF9C9FD234}.Release|Any CPU.ActiveCfg = Release|Any CPU
		{D9A60B5F-6856-426C-B008-1BAF9C9FD234}.Release|Any CPU.Build.0 = Release|Any CPU
		{0A4003F7-59C0-49D1-ABAF-C252EC499325}.Debug|Any CPU.ActiveCfg = Debug|Any CPU
		{0A4003F7-59C0-49D1-ABAF-C252EC499325}.Debug|Any CPU.Build.0 = Debug|Any CPU
		{0A4003F7-59C0-49D1-ABAF-C252EC499325}.Release|Any CPU.ActiveCfg = Release|Any CPU
		{0A4003F7-59C0-49D1-ABAF-C252EC499325}.Release|Any CPU.Build.0 = Release|Any CPU
		{E547E2C9-6375-47D1-A595-F1A8A553D41F}.Debug|Any CPU.ActiveCfg = Debug|Any CPU
		{E547E2C9-6375-47D1-A595-F1A8A553D41F}.Debug|Any CPU.Build.0 = Debug|Any CPU
		{E547E2C9-6375-47D1-A595-F1A8A553D41F}.Release|Any CPU.ActiveCfg = Release|Any CPU
		{E547E2C9-6375-47D1-A595-F1A8A553D41F}.Release|Any CPU.Build.0 = Release|Any CPU
		{B822BD08-0119-4C44-A8CD-E8ADECE204C2}.Debug|Any CPU.ActiveCfg = Debug|Any CPU
		{B822BD08-0119-4C44-A8CD-E8ADECE204C2}.Debug|Any CPU.Build.0 = Debug|Any CPU
		{B822BD08-0119-4C44-A8CD-E8ADECE204C2}.Release|Any CPU.ActiveCfg = Release|Any CPU
		{B822BD08-0119-4C44-A8CD-E8ADECE204C2}.Release|Any CPU.Build.0 = Release|Any CPU
		{7D734951-3B74-4F46-8555-8AACA1F11E92}.Debug|Any CPU.ActiveCfg = Debug|Any CPU
		{7D734951-3B74-4F46-8555-8AACA1F11E92}.Debug|Any CPU.Build.0 = Debug|Any CPU
		{7D734951-3B74-4F46-8555-8AACA1F11E92}.Release|Any CPU.ActiveCfg = Release|Any CPU
		{7D734951-3B74-4F46-8555-8AACA1F11E92}.Release|Any CPU.Build.0 = Release|Any CPU
		{6514BF6A-E07F-4B0D-A219-299209EF0607}.Debug|Any CPU.ActiveCfg = Debug|Any CPU
		{6514BF6A-E07F-4B0D-A219-299209EF0607}.Debug|Any CPU.Build.0 = Debug|Any CPU
		{6514BF6A-E07F-4B0D-A219-299209EF0607}.Release|Any CPU.ActiveCfg = Release|Any CPU
		{6514BF6A-E07F-4B0D-A219-299209EF0607}.Release|Any CPU.Build.0 = Release|Any CPU
		{BC906ED7-C67B-4CFA-8738-A508C0E96FDC}.Debug|Any CPU.ActiveCfg = Debug|Any CPU
		{BC906ED7-C67B-4CFA-8738-A508C0E96FDC}.Debug|Any CPU.Build.0 = Debug|Any CPU
		{BC906ED7-C67B-4CFA-8738-A508C0E96FDC}.Release|Any CPU.ActiveCfg = Release|Any CPU
		{BC906ED7-C67B-4CFA-8738-A508C0E96FDC}.Release|Any CPU.Build.0 = Release|Any CPU
		{88DE5834-D8EB-4A06-B41F-74AC2C7C6C8E}.Debug|Any CPU.ActiveCfg = Debug|Any CPU
		{88DE5834-D8EB-4A06-B41F-74AC2C7C6C8E}.Debug|Any CPU.Build.0 = Debug|Any CPU
		{88DE5834-D8EB-4A06-B41F-74AC2C7C6C8E}.Release|Any CPU.ActiveCfg = Release|Any CPU
		{88DE5834-D8EB-4A06-B41F-74AC2C7C6C8E}.Release|Any CPU.Build.0 = Release|Any CPU
		{1BB93026-AFB6-4E2E-A7A5-BECC79992DF0}.Debug|Any CPU.ActiveCfg = Debug|Any CPU
		{1BB93026-AFB6-4E2E-A7A5-BECC79992DF0}.Debug|Any CPU.Build.0 = Debug|Any CPU
		{1BB93026-AFB6-4E2E-A7A5-BECC79992DF0}.Release|Any CPU.ActiveCfg = Release|Any CPU
		{1BB93026-AFB6-4E2E-A7A5-BECC79992DF0}.Release|Any CPU.Build.0 = Release|Any CPU
		{7316EE60-01D8-4CE4-B6AC-313D50A93837}.Debug|Any CPU.ActiveCfg = Debug|Any CPU
		{7316EE60-01D8-4CE4-B6AC-313D50A93837}.Debug|Any CPU.Build.0 = Debug|Any CPU
		{7316EE60-01D8-4CE4-B6AC-313D50A93837}.Release|Any CPU.ActiveCfg = Release|Any CPU
		{7316EE60-01D8-4CE4-B6AC-313D50A93837}.Release|Any CPU.Build.0 = Release|Any CPU
		{6547E84E-DE64-4E29-AE08-EFAF87AD1247}.Debug|Any CPU.ActiveCfg = Debug|Any CPU
		{6547E84E-DE64-4E29-AE08-EFAF87AD1247}.Debug|Any CPU.Build.0 = Debug|Any CPU
		{6547E84E-DE64-4E29-AE08-EFAF87AD1247}.Release|Any CPU.ActiveCfg = Release|Any CPU
		{6547E84E-DE64-4E29-AE08-EFAF87AD1247}.Release|Any CPU.Build.0 = Release|Any CPU
		{70EAA398-0A1B-4D9D-9B60-3267A5EB32DD}.Debug|Any CPU.ActiveCfg = Debug|Any CPU
		{70EAA398-0A1B-4D9D-9B60-3267A5EB32DD}.Debug|Any CPU.Build.0 = Debug|Any CPU
		{70EAA398-0A1B-4D9D-9B60-3267A5EB32DD}.Release|Any CPU.ActiveCfg = Release|Any CPU
		{70EAA398-0A1B-4D9D-9B60-3267A5EB32DD}.Release|Any CPU.Build.0 = Release|Any CPU
	EndGlobalSection
	GlobalSection(SolutionProperties) = preSolution
		HideSolutionNode = FALSE
	EndGlobalSection
	GlobalSection(NestedProjects) = preSolution
		{B9686D34-EA4B-4BFB-9036-0ECF450A0922} = {1DBF47EA-E7C6-4B7B-A110-358467B40504}
		{1ED27686-C93E-4958-98DB-F084DD9046EA} = {02EA681E-C7D8-13C7-8484-4AC65E1B71E8}
		{90D1A0A8-6BD0-48C8-88BD-8DDCDDE0A84C} = {02EA681E-C7D8-13C7-8484-4AC65E1B71E8}
		{A1018EB4-BA65-47E1-A0E0-73398F15C2B9} = {02EA681E-C7D8-13C7-8484-4AC65E1B71E8}
		{59836EF4-07B5-44DE-9A75-EC1E0752FC6E} = {02EA681E-C7D8-13C7-8484-4AC65E1B71E8}
		{BBBC28DF-DB8F-4A68-BBAB-E25264E3A2A7} = {E42B8044-993C-44AC-8101-B705E8B0EEAF}
		{0CA208FF-7327-4E92-9929-461F3F0450F0} = {2E699EE5-1FAA-4491-9BDB-CA9274EB7425}
		{D9A60B5F-6856-426C-B008-1BAF9C9FD234} = {C704DDA8-83CF-4220-9183-766D7E08F853}
		{0A4003F7-59C0-49D1-ABAF-C252EC499325} = {E42B8044-993C-44AC-8101-B705E8B0EEAF}
		{E547E2C9-6375-47D1-A595-F1A8A553D41F} = {C704DDA8-83CF-4220-9183-766D7E08F853}
		{B822BD08-0119-4C44-A8CD-E8ADECE204C2} = {E42B8044-993C-44AC-8101-B705E8B0EEAF}
		{7D734951-3B74-4F46-8555-8AACA1F11E92} = {1DBF47EA-E7C6-4B7B-A110-358467B40504}
		{6514BF6A-E07F-4B0D-A219-299209EF0607} = {850C1795-484F-40CE-8EA7-A10D133EF911}
		{BC906ED7-C67B-4CFA-8738-A508C0E96FDC} = {850C1795-484F-40CE-8EA7-A10D133EF911}
		{1BB93026-AFB6-4E2E-A7A5-BECC79992DF0} = {2E699EE5-1FAA-4491-9BDB-CA9274EB7425}
		{7316EE60-01D8-4CE4-B6AC-313D50A93837} = {1DBF47EA-E7C6-4B7B-A110-358467B40504}
		{70EAA398-0A1B-4D9D-9B60-3267A5EB32DD} = {1DBF47EA-E7C6-4B7B-A110-358467B40504}
	EndGlobalSection
	GlobalSection(ExtensibilityGlobals) = postSolution
		SolutionGuid = {CE8A3788-D980-4772-8CAE-6885A2FFEEEF}
	EndGlobalSection
EndGlobal
